
Microsoft Visual Studio Solution File, Format Version 12.00
# Visual Studio Version 16
VisualStudioVersion = 16.0.28803.352
MinimumVisualStudioVersion = 10.0.40219.1
Project("{9A19103F-16F7-4668-BE54-9A1E7A4F7556}") = "Ojb500.EcfLms", "LmsApi\Ojb500.EcfLms.csproj", "{5F0172E4-8EDC-462B-9A5D-EF42B9484D09}"
EndProject
Project("{2150E333-8FDC-42A3-9474-1A3956D46DE8}") = "Solution Items", "Solution Items", "{21A21544-C050-4C69-8654-EFFE54028C96}"
	ProjectSection(SolutionItems) = preProject
		README.md = README.md
	EndProjectSection
EndProject
Project("{FAE04EC0-301F-11D3-BF4B-00C04F79EFBC}") = "Ojb500.EcfLms.Test", "Ojb500.EcfLms.Test\Ojb500.EcfLms.Test.csproj", "{5C0248B2-66D1-4892-B58D-8E472FCED629}"
EndProject
Global
	GlobalSection(SolutionConfigurationPlatforms) = preSolution
		Debug|Any CPU = Debug|Any CPU
		Release|Any CPU = Release|Any CPU
	EndGlobalSection
	GlobalSection(ProjectConfigurationPlatforms) = postSolution
		{5F0172E4-8EDC-462B-9A5D-EF42B9484D09}.Debug|Any CPU.ActiveCfg = Debug|Any CPU
		{5F0172E4-8EDC-462B-9A5D-EF42B9484D09}.Debug|Any CPU.Build.0 = Debug|Any CPU
		{5F0172E4-8EDC-462B-9A5D-EF42B9484D09}.Release|Any CPU.ActiveCfg = Release|Any CPU
		{5F0172E4-8EDC-462B-9A5D-EF42B9484D09}.Release|Any CPU.Build.0 = Release|Any CPU
		{5C0248B2-66D1-4892-B58D-8E472FCED629}.Debug|Any CPU.ActiveCfg = Debug|Any CPU
		{5C0248B2-66D1-4892-B58D-8E472FCED629}.Debug|Any CPU.Build.0 = Debug|Any CPU
		{5C0248B2-66D1-4892-B58D-8E472FCED629}.Release|Any CPU.ActiveCfg = Release|Any CPU
		{5C0248B2-66D1-4892-B58D-8E472FCED629}.Release|Any CPU.Build.0 = Release|Any CPU
	EndGlobalSection
	GlobalSection(SolutionProperties) = preSolution
		HideSolutionNode = FALSE
	EndGlobalSection
	GlobalSection(ExtensibilityGlobals) = postSolution
		SolutionGuid = {D124DD89-F8F5-4988-A056-81A5BE506DCA}
	EndGlobalSection
EndGlobal
